// !$*UTF8*$!
{
	archiveVersion = 1;
	classes = {
	};
	objectVersion = 56;
	objects = {

/* Begin PBXBuildFile section */
		C7F1F9722A1BC88A008B7E50 /* Restart_appApp.swift in Sources */ = {isa = PBXBuildFile; fileRef = C7F1F9712A1BC88A008B7E50 /* Restart_appApp.swift */; };
		C7F1F9742A1BC88A008B7E50 /* ContentView.swift in Sources */ = {isa = PBXBuildFile; fileRef = C7F1F9732A1BC88A008B7E50 /* ContentView.swift */; };
		C7F1F9762A1BC88C008B7E50 /* Assets.xcassets in Resources */ = {isa = PBXBuildFile; fileRef = C7F1F9752A1BC88C008B7E50 /* Assets.xcassets */; };
		C7F1F9792A1BC88C008B7E50 /* Preview Assets.xcassets in Resources */ = {isa = PBXBuildFile; fileRef = C7F1F9782A1BC88C008B7E50 /* Preview Assets.xcassets */; };
		C7F1F9832A1BC88C008B7E50 /* Restart_appTests.swift in Sources */ = {isa = PBXBuildFile; fileRef = C7F1F9822A1BC88C008B7E50 /* Restart_appTests.swift */; };
		C7F1F98D2A1BC88C008B7E50 /* Restart_appUITests.swift in Sources */ = {isa = PBXBuildFile; fileRef = C7F1F98C2A1BC88C008B7E50 /* Restart_appUITests.swift */; };
		C7F1F98F2A1BC88C008B7E50 /* Restart_appUITestsLaunchTests.swift in Sources */ = {isa = PBXBuildFile; fileRef = C7F1F98E2A1BC88C008B7E50 /* Restart_appUITestsLaunchTests.swift */; };
		C7F1F9A02A1BCC71008B7E50 /* OnboardingView.swift in Sources */ = {isa = PBXBuildFile; fileRef = C7F1F99F2A1BCC71008B7E50 /* OnboardingView.swift */; };
		C7F1F9A22A1BCC8F008B7E50 /* HomeView.swift in Sources */ = {isa = PBXBuildFile; fileRef = C7F1F9A12A1BCC8F008B7E50 /* HomeView.swift */; };
		C7F1F9A42A1BF569008B7E50 /* CirclularView.swift in Sources */ = {isa = PBXBuildFile; fileRef = C7F1F9A32A1BF569008B7E50 /* CirclularView.swift */; };
/* End PBXBuildFile section */

/* Begin PBXContainerItemProxy section */
		C7F1F97F2A1BC88C008B7E50 /* PBXContainerItemProxy */ = {
			isa = PBXContainerItemProxy;
			containerPortal = C7F1F9662A1BC88A008B7E50 /* Project object */;
			proxyType = 1;
			remoteGlobalIDString = C7F1F96D2A1BC88A008B7E50;
			remoteInfo = "Restart app";
		};
		C7F1F9892A1BC88C008B7E50 /* PBXContainerItemProxy */ = {
			isa = PBXContainerItemProxy;
			containerPortal = C7F1F9662A1BC88A008B7E50 /* Project object */;
			proxyType = 1;
			remoteGlobalIDString = C7F1F96D2A1BC88A008B7E50;
			remoteInfo = "Restart app";
		};
/* End PBXContainerItemProxy section */

/* Begin PBXFileReference section */
		C7F1F96E2A1BC88A008B7E50 /* Restart app.app */ = {isa = PBXFileReference; explicitFileType = wrapper.application; includeInIndex = 0; path = "Restart app.app"; sourceTree = BUILT_PRODUCTS_DIR; };
		C7F1F9712A1BC88A008B7E50 /* Restart_appApp.swift */ = {isa = PBXFileReference; lastKnownFileType = sourcecode.swift; path = Restart_appApp.swift; sourceTree = "<group>"; };
		C7F1F9732A1BC88A008B7E50 /* ContentView.swift */ = {isa = PBXFileReference; lastKnownFileType = sourcecode.swift; path = ContentView.swift; sourceTree = "<group>"; };
		C7F1F9752A1BC88C008B7E50 /* Assets.xcassets */ = {isa = PBXFileReference; lastKnownFileType = folder.assetcatalog; path = Assets.xcassets; sourceTree = "<group>"; };
		C7F1F9782A1BC88C008B7E50 /* Preview Assets.xcassets */ = {isa = PBXFileReference; lastKnownFileType = folder.assetcatalog; path = "Preview Assets.xcassets"; sourceTree = "<group>"; };
		C7F1F97E2A1BC88C008B7E50 /* Restart appTests.xctest */ = {isa = PBXFileReference; explicitFileType = wrapper.cfbundle; includeInIndex = 0; path = "Restart appTests.xctest"; sourceTree = BUILT_PRODUCTS_DIR; };
		C7F1F9822A1BC88C008B7E50 /* Restart_appTests.swift */ = {isa = PBXFileReference; lastKnownFileType = sourcecode.swift; path = Restart_appTests.swift; sourceTree = "<group>"; };
		C7F1F9882A1BC88C008B7E50 /* Restart appUITests.xctest */ = {isa = PBXFileReference; explicitFileType = wrapper.cfbundle; includeInIndex = 0; path = "Restart appUITests.xctest"; sourceTree = BUILT_PRODUCTS_DIR; };
		C7F1F98C2A1BC88C008B7E50 /* Restart_appUITests.swift */ = {isa = PBXFileReference; lastKnownFileType = sourcecode.swift; path = Restart_appUITests.swift; sourceTree = "<group>"; };
		C7F1F98E2A1BC88C008B7E50 /* Restart_appUITestsLaunchTests.swift */ = {isa = PBXFileReference; lastKnownFileType = sourcecode.swift; path = Restart_appUITestsLaunchTests.swift; sourceTree = "<group>"; };
		C7F1F99E2A1BCBEB008B7E50 /* Restart-app-Info.plist */ = {isa = PBXFileReference; lastKnownFileType = text.plist; path = "Restart-app-Info.plist"; sourceTree = SOURCE_ROOT; };
		C7F1F99F2A1BCC71008B7E50 /* OnboardingView.swift */ = {isa = PBXFileReference; lastKnownFileType = sourcecode.swift; path = OnboardingView.swift; sourceTree = "<group>"; };
		C7F1F9A12A1BCC8F008B7E50 /* HomeView.swift */ = {isa = PBXFileReference; lastKnownFileType = sourcecode.swift; path = HomeView.swift; sourceTree = "<group>"; };
		C7F1F9A32A1BF569008B7E50 /* CirclularView.swift */ = {isa = PBXFileReference; lastKnownFileType = sourcecode.swift; path = CirclularView.swift; sourceTree = "<group>"; };
/* End PBXFileReference section */

/* Begin PBXFrameworksBuildPhase section */
		C7F1F96B2A1BC88A008B7E50 /* Frameworks */ = {
			isa = PBXFrameworksBuildPhase;
			buildActionMask = 2147483647;
			files = (
			);
			runOnlyForDeploymentPostprocessing = 0;
		};
		C7F1F97B2A1BC88C008B7E50 /* Frameworks */ = {
			isa = PBXFrameworksBuildPhase;
			buildActionMask = 2147483647;
			files = (
			);
			runOnlyForDeploymentPostprocessing = 0;
		};
		C7F1F9852A1BC88C008B7E50 /* Frameworks */ = {
			isa = PBXFrameworksBuildPhase;
			buildActionMask = 2147483647;
			files = (
			);
			runOnlyForDeploymentPostprocessing = 0;
		};
/* End PBXFrameworksBuildPhase section */

/* Begin PBXGroup section */
		C7F1F9652A1BC88A008B7E50 = {
			isa = PBXGroup;
			children = (
				C7F1F9702A1BC88A008B7E50 /* Restart app */,
				C7F1F9812A1BC88C008B7E50 /* Restart appTests */,
				C7F1F98B2A1BC88C008B7E50 /* Restart appUITests */,
				C7F1F96F2A1BC88A008B7E50 /* Products */,
			);
			sourceTree = "<group>";
		};
		C7F1F96F2A1BC88A008B7E50 /* Products */ = {
			isa = PBXGroup;
			children = (
				C7F1F96E2A1BC88A008B7E50 /* Restart app.app */,
				C7F1F97E2A1BC88C008B7E50 /* Restart appTests.xctest */,
				C7F1F9882A1BC88C008B7E50 /* Restart appUITests.xctest */,
			);
			name = Products;
			sourceTree = "<group>";
		};
		C7F1F9702A1BC88A008B7E50 /* Restart app */ = {
			isa = PBXGroup;
			children = (
				C7F1F99E2A1BCBEB008B7E50 /* Restart-app-Info.plist */,
				C7F1F99D2A1BCA8B008B7E50 /* Utilities */,
				C7F1F99C2A1BCA67008B7E50 /* Views */,
				C7F1F9712A1BC88A008B7E50 /* Restart_appApp.swift */,
				C7F1F99B2A1BCA55008B7E50 /* Screens */,
				C7F1F9752A1BC88C008B7E50 /* Assets.xcassets */,
				C7F1F9772A1BC88C008B7E50 /* Preview Content */,
			);
			path = "Restart app";
			sourceTree = "<group>";
		};
		C7F1F9772A1BC88C008B7E50 /* Preview Content */ = {
			isa = PBXGroup;
			children = (
				C7F1F9782A1BC88C008B7E50 /* Preview Assets.xcassets */,
			);
			path = "Preview Content";
			sourceTree = "<group>";
		};
		C7F1F9812A1BC88C008B7E50 /* Restart appTests */ = {
			isa = PBXGroup;
			children = (
				C7F1F9822A1BC88C008B7E50 /* Restart_appTests.swift */,
			);
			path = "Restart appTests";
			sourceTree = "<group>";
		};
		C7F1F98B2A1BC88C008B7E50 /* Restart appUITests */ = {
			isa = PBXGroup;
			children = (
				C7F1F98C2A1BC88C008B7E50 /* Restart_appUITests.swift */,
				C7F1F98E2A1BC88C008B7E50 /* Restart_appUITestsLaunchTests.swift */,
			);
			path = "Restart appUITests";
			sourceTree = "<group>";
		};
		C7F1F99B2A1BCA55008B7E50 /* Screens */ = {
			isa = PBXGroup;
			children = (
				C7F1F9732A1BC88A008B7E50 /* ContentView.swift */,
				C7F1F99F2A1BCC71008B7E50 /* OnboardingView.swift */,
				C7F1F9A12A1BCC8F008B7E50 /* HomeView.swift */,
			);
			path = Screens;
			sourceTree = "<group>";
		};
		C7F1F99C2A1BCA67008B7E50 /* Views */ = {
			isa = PBXGroup;
			children = (
				C7F1F9A32A1BF569008B7E50 /* CirclularView.swift */,
			);
			path = Views;
			sourceTree = "<group>";
		};
		C7F1F99D2A1BCA8B008B7E50 /* Utilities */ = {
			isa = PBXGroup;
			children = (
			);
			path = Utilities;
			sourceTree = "<group>";
		};
/* End PBXGroup section */

/* Begin PBXNativeTarget section */
		C7F1F96D2A1BC88A008B7E50 /* Restart app */ = {
			isa = PBXNativeTarget;
			buildConfigurationList = C7F1F9922A1BC88C008B7E50 /* Build configuration list for PBXNativeTarget "Restart app" */;
			buildPhases = (
				C7F1F96A2A1BC88A008B7E50 /* Sources */,
				C7F1F96B2A1BC88A008B7E50 /* Frameworks */,
				C7F1F96C2A1BC88A008B7E50 /* Resources */,
			);
			buildRules = (
			);
			dependencies = (
			);
			name = "Restart app";
			productName = "Restart app";
			productReference = C7F1F96E2A1BC88A008B7E50 /* Restart app.app */;
			productType = "com.apple.product-type.application";
		};
		C7F1F97D2A1BC88C008B7E50 /* Restart appTests */ = {
			isa = PBXNativeTarget;
			buildConfigurationList = C7F1F9952A1BC88C008B7E50 /* Build configuration list for PBXNativeTarget "Restart appTests" */;
			buildPhases = (
				C7F1F97A2A1BC88C008B7E50 /* Sources */,
				C7F1F97B2A1BC88C008B7E50 /* Frameworks */,
				C7F1F97C2A1BC88C008B7E50 /* Resources */,
			);
			buildRules = (
			);
			dependencies = (
				C7F1F9802A1BC88C008B7E50 /* PBXTargetDependency */,
			);
			name = "Restart appTests";
			productName = "Restart appTests";
			productReference = C7F1F97E2A1BC88C008B7E50 /* Restart appTests.xctest */;
			productType = "com.apple.product-type.bundle.unit-test";
		};
		C7F1F9872A1BC88C008B7E50 /* Restart appUITests */ = {
			isa = PBXNativeTarget;
			buildConfigurationList = C7F1F9982A1BC88C008B7E50 /* Build configuration list for PBXNativeTarget "Restart appUITests" */;
			buildPhases = (
				C7F1F9842A1BC88C008B7E50 /* Sources */,
				C7F1F9852A1BC88C008B7E50 /* Frameworks */,
				C7F1F9862A1BC88C008B7E50 /* Resources */,
			);
			buildRules = (
			);
			dependencies = (
				C7F1F98A2A1BC88C008B7E50 /* PBXTargetDependency */,
			);
			name = "Restart appUITests";
			productName = "Restart appUITests";
			productReference = C7F1F9882A1BC88C008B7E50 /* Restart appUITests.xctest */;
			productType = "com.apple.product-type.bundle.ui-testing";
		};
/* End PBXNativeTarget section */

/* Begin PBXProject section */
		C7F1F9662A1BC88A008B7E50 /* Project object */ = {
			isa = PBXProject;
			attributes = {
				BuildIndependentTargetsInParallel = 1;
				LastSwiftUpdateCheck = 1430;
				LastUpgradeCheck = 1430;
				TargetAttributes = {
					C7F1F96D2A1BC88A008B7E50 = {
						CreatedOnToolsVersion = 14.3;
					};
					C7F1F97D2A1BC88C008B7E50 = {
						CreatedOnToolsVersion = 14.3;
						TestTargetID = C7F1F96D2A1BC88A008B7E50;
					};
					C7F1F9872A1BC88C008B7E50 = {
						CreatedOnToolsVersion = 14.3;
						TestTargetID = C7F1F96D2A1BC88A008B7E50;
					};
				};
			};
			buildConfigurationList = C7F1F9692A1BC88A008B7E50 /* Build configuration list for PBXProject "Restart app" */;
			compatibilityVersion = "Xcode 14.0";
			developmentRegion = en;
			hasScannedForEncodings = 0;
			knownRegions = (
				en,
				Base,
			);
			mainGroup = C7F1F9652A1BC88A008B7E50;
			productRefGroup = C7F1F96F2A1BC88A008B7E50 /* Products */;
			projectDirPath = "";
			projectRoot = "";
			targets = (
				C7F1F96D2A1BC88A008B7E50 /* Restart app */,
				C7F1F97D2A1BC88C008B7E50 /* Restart appTests */,
				C7F1F9872A1BC88C008B7E50 /* Restart appUITests */,
			);
		};
/* End PBXProject section */

/* Begin PBXResourcesBuildPhase section */
		C7F1F96C2A1BC88A008B7E50 /* Resources */ = {
			isa = PBXResourcesBuildPhase;
			buildActionMask = 2147483647;
			files = (
				C7F1F9792A1BC88C008B7E50 /* Preview Assets.xcassets in Resources */,
				C7F1F9762A1BC88C008B7E50 /* Assets.xcassets in Resources */,
			);
			runOnlyForDeploymentPostprocessing = 0;
		};
		C7F1F97C2A1BC88C008B7E50 /* Resources */ = {
			isa = PBXResourcesBuildPhase;
			buildActionMask = 2147483647;
			files = (
			);
			runOnlyForDeploymentPostprocessing = 0;
		};
		C7F1F9862A1BC88C008B7E50 /* Resources */ = {
			isa = PBXResourcesBuildPhase;
			buildActionMask = 2147483647;
			files = (
			);
			runOnlyForDeploymentPostprocessing = 0;
		};
/* End PBXResourcesBuildPhase section */

/* Begin PBXSourcesBuildPhase section */
		C7F1F96A2A1BC88A008B7E50 /* Sources */ = {
			isa = PBXSourcesBuildPhase;
			buildActionMask = 2147483647;
			files = (
				C7F1F9A02A1BCC71008B7E50 /* OnboardingView.swift in Sources */,
				C7F1F9A42A1BF569008B7E50 /* CirclularView.swift in Sources */,
				C7F1F9A22A1BCC8F008B7E50 /* HomeView.swift in Sources */,
				C7F1F9742A1BC88A008B7E50 /* ContentView.swift in Sources */,
				C7F1F9722A1BC88A008B7E50 /* Restart_appApp.swift in Sources */,
			);
			runOnlyForDeploymentPostprocessing = 0;
		};
		C7F1F97A2A1BC88C008B7E50 /* Sources */ = {
			isa = PBXSourcesBuildPhase;
			buildActionMask = 2147483647;
			files = (
				C7F1F9832A1BC88C008B7E50 /* Restart_appTests.swift in Sources */,
			);
			runOnlyForDeploymentPostprocessing = 0;
		};
		C7F1F9842A1BC88C008B7E50 /* Sources */ = {
			isa = PBXSourcesBuildPhase;
			buildActionMask = 2147483647;
			files = (
				C7F1F98F2A1BC88C008B7E50 /* Restart_appUITestsLaunchTests.swift in Sources */,
				C7F1F98D2A1BC88C008B7E50 /* Restart_appUITests.swift in Sources */,
			);
			runOnlyForDeploymentPostprocessing = 0;
		};
/* End PBXSourcesBuildPhase section */

/* Begin PBXTargetDependency section */
		C7F1F9802A1BC88C008B7E50 /* PBXTargetDependency */ = {
			isa = PBXTargetDependency;
			target = C7F1F96D2A1BC88A008B7E50 /* Restart app */;
			targetProxy = C7F1F97F2A1BC88C008B7E50 /* PBXContainerItemProxy */;
		};
		C7F1F98A2A1BC88C008B7E50 /* PBXTargetDependency */ = {
			isa = PBXTargetDependency;
			target = C7F1F96D2A1BC88A008B7E50 /* Restart app */;
			targetProxy = C7F1F9892A1BC88C008B7E50 /* PBXContainerItemProxy */;
		};
/* End PBXTargetDependency section */

/* Begin XCBuildConfiguration section */
		C7F1F9902A1BC88C008B7E50 /* Debug */ = {
			isa = XCBuildConfiguration;
			buildSettings = {
				ALWAYS_SEARCH_USER_PATHS = NO;
				CLANG_ANALYZER_NONNULL = YES;
				CLANG_ANALYZER_NUMBER_OBJECT_CONVERSION = YES_AGGRESSIVE;
				CLANG_CXX_LANGUAGE_STANDARD = "gnu++20";
				CLANG_ENABLE_MODULES = YES;
				CLANG_ENABLE_OBJC_ARC = YES;
				CLANG_ENABLE_OBJC_WEAK = YES;
				CLANG_WARN_BLOCK_CAPTURE_AUTORELEASING = YES;
				CLANG_WARN_BOOL_CONVERSION = YES;
				CLANG_WARN_COMMA = YES;
				CLANG_WARN_CONSTANT_CONVERSION = YES;
				CLANG_WARN_DEPRECATED_OBJC_IMPLEMENTATIONS = YES;
				CLANG_WARN_DIRECT_OBJC_ISA_USAGE = YES_ERROR;
				CLANG_WARN_DOCUMENTATION_COMMENTS = YES;
				CLANG_WARN_EMPTY_BODY = YES;
				CLANG_WARN_ENUM_CONVERSION = YES;
				CLANG_WARN_INFINITE_RECURSION = YES;
				CLANG_WARN_INT_CONVERSION = YES;
				CLANG_WARN_NON_LITERAL_NULL_CONVERSION = YES;
				CLANG_WARN_OBJC_IMPLICIT_RETAIN_SELF = YES;
				CLANG_WARN_OBJC_LITERAL_CONVERSION = YES;
				CLANG_WARN_OBJC_ROOT_CLASS = YES_ERROR;
				CLANG_WARN_QUOTED_INCLUDE_IN_FRAMEWORK_HEADER = YES;
				CLANG_WARN_RANGE_LOOP_ANALYSIS = YES;
				CLANG_WARN_STRICT_PROTOTYPES = YES;
				CLANG_WARN_SUSPICIOUS_MOVE = YES;
				CLANG_WARN_UNGUARDED_AVAILABILITY = YES_AGGRESSIVE;
				CLANG_WARN_UNREACHABLE_CODE = YES;
				CLANG_WARN__DUPLICATE_METHOD_MATCH = YES;
				COPY_PHASE_STRIP = NO;
				DEBUG_INFORMATION_FORMAT = dwarf;
				ENABLE_STRICT_OBJC_MSGSEND = YES;
				ENABLE_TESTABILITY = YES;
				GCC_C_LANGUAGE_STANDARD = gnu11;
				GCC_DYNAMIC_NO_PIC = NO;
				GCC_NO_COMMON_BLOCKS = YES;
				GCC_OPTIMIZATION_LEVEL = 0;
				GCC_PREPROCESSOR_DEFINITIONS = (
					"DEBUG=1",
					"$(inherited)",
				);
				GCC_WARN_64_TO_32_BIT_CONVERSION = YES;
				GCC_WARN_ABOUT_RETURN_TYPE = YES_ERROR;
				GCC_WARN_UNDECLARED_SELECTOR = YES;
				GCC_WARN_UNINITIALIZED_AUTOS = YES_AGGRESSIVE;
				GCC_WARN_UNUSED_FUNCTION = YES;
				GCC_WARN_UNUSED_VARIABLE = YES;
				IPHONEOS_DEPLOYMENT_TARGET = 16.0;
				MTL_ENABLE_DEBUG_INFO = INCLUDE_SOURCE;
				MTL_FAST_MATH = YES;
				ONLY_ACTIVE_ARCH = YES;
				SDKROOT = iphoneos;
				SWIFT_ACTIVE_COMPILATION_CONDITIONS = DEBUG;
				SWIFT_OPTIMIZATION_LEVEL = "-Onone";
			};
			name = Debug;
		};
		C7F1F9912A1BC88C008B7E50 /* Release */ = {
			isa = XCBuildConfiguration;
			buildSettings = {
				ALWAYS_SEARCH_USER_PATHS = NO;
				CLANG_ANALYZER_NONNULL = YES;
				CLANG_ANALYZER_NUMBER_OBJECT_CONVERSION = YES_AGGRESSIVE;
				CLANG_CXX_LANGUAGE_STANDARD = "gnu++20";
				CLANG_ENABLE_MODULES = YES;
				CLANG_ENABLE_OBJC_ARC = YES;
				CLANG_ENABLE_OBJC_WEAK = YES;
				CLANG_WARN_BLOCK_CAPTURE_AUTORELEASING = YES;
				CLANG_WARN_BOOL_CONVERSION = YES;
				CLANG_WARN_COMMA = YES;
				CLANG_WARN_CONSTANT_CONVERSION = YES;
				CLANG_WARN_DEPRECATED_OBJC_IMPLEMENTATIONS = YES;
				CLANG_WARN_DIRECT_OBJC_ISA_USAGE = YES_ERROR;
				CLANG_WARN_DOCUMENTATION_COMMENTS = YES;
				CLANG_WARN_EMPTY_BODY = YES;
				CLANG_WARN_ENUM_CONVERSION = YES;
				CLANG_WARN_INFINITE_RECURSION = YES;
				CLANG_WARN_INT_CONVERSION = YES;
				CLANG_WARN_NON_LITERAL_NULL_CONVERSION = YES;
				CLANG_WARN_OBJC_IMPLICIT_RETAIN_SELF = YES;
				CLANG_WARN_OBJC_LITERAL_CONVERSION = YES;
				CLANG_WARN_OBJC_ROOT_CLASS = YES_ERROR;
				CLANG_WARN_QUOTED_INCLUDE_IN_FRAMEWORK_HEADER = YES;
				CLANG_WARN_RANGE_LOOP_ANALYSIS = YES;
				CLANG_WARN_STRICT_PROTOTYPES = YES;
				CLANG_WARN_SUSPICIOUS_MOVE = YES;
				CLANG_WARN_UNGUARDED_AVAILABILITY = YES_AGGRESSIVE;
				CLANG_WARN_UNREACHABLE_CODE = YES;
				CLANG_WARN__DUPLICATE_METHOD_MATCH = YES;
				COPY_PHASE_STRIP = NO;
				DEBUG_INFORMATION_FORMAT = "dwarf-with-dsym";
				ENABLE_NS_ASSERTIONS = NO;
				ENABLE_STRICT_OBJC_MSGSEND = YES;
				GCC_C_LANGUAGE_STANDARD = gnu11;
				GCC_NO_COMMON_BLOCKS = YES;
				GCC_WARN_64_TO_32_BIT_CONVERSION = YES;
				GCC_WARN_ABOUT_RETURN_TYPE = YES_ERROR;
				GCC_WARN_UNDECLARED_SELECTOR = YES;
				GCC_WARN_UNINITIALIZED_AUTOS = YES_AGGRESSIVE;
				GCC_WARN_UNUSED_FUNCTION = YES;
				GCC_WARN_UNUSED_VARIABLE = YES;
				IPHONEOS_DEPLOYMENT_TARGET = 16.0;
				MTL_ENABLE_DEBUG_INFO = NO;
				MTL_FAST_MATH = YES;
				SDKROOT = iphoneos;
				SWIFT_COMPILATION_MODE = wholemodule;
				SWIFT_OPTIMIZATION_LEVEL = "-O";
				VALIDATE_PRODUCT = YES;
			};
			name = Release;
		};
		C7F1F9932A1BC88C008B7E50 /* Debug */ = {
			isa = XCBuildConfiguration;
			buildSettings = {
				ASSETCATALOG_COMPILER_APPICON_NAME = AppIcon;
				ASSETCATALOG_COMPILER_GLOBAL_ACCENT_COLOR_NAME = AccentColor;
				CODE_SIGN_STYLE = Automatic;
				CURRENT_PROJECT_VERSION = 1;
				DEVELOPMENT_ASSET_PATHS = "\"Restart app/Preview Content\"";
				DEVELOPMENT_TEAM = RKQR8LZSYX;
				ENABLE_PREVIEWS = YES;
				GENERATE_INFOPLIST_FILE = YES;
				INFOPLIST_FILE = "Restart-app-Info.plist";
				INFOPLIST_KEY_UIApplicationSceneManifest_Generation = YES;
				INFOPLIST_KEY_UIApplicationSupportsIndirectInputEvents = YES;
				INFOPLIST_KEY_UISupportedInterfaceOrientations = UIInterfaceOrientationPortrait;
				IPHONEOS_DEPLOYMENT_TARGET = 16.0;
				LD_RUNPATH_SEARCH_PATHS = (
					"$(inherited)",
					"@executable_path/Frameworks",
				);
				MARKETING_VERSION = 1.0;
				PRODUCT_BUNDLE_IDENTIFIER = "com.beyond-intelligent.Restart-app";
				PRODUCT_NAME = "$(TARGET_NAME)";
				SWIFT_EMIT_LOC_STRINGS = YES;
				SWIFT_VERSION = 5.0;
				TARGETED_DEVICE_FAMILY = "1,2";
			};
			name = Debug;
		};
		C7F1F9942A1BC88C008B7E50 /* Release */ = {
			isa = XCBuildConfiguration;
			buildSettings = {
				ASSETCATALOG_COMPILER_APPICON_NAME = AppIcon;
				ASSETCATALOG_COMPILER_GLOBAL_ACCENT_COLOR_NAME = AccentColor;
				CODE_SIGN_STYLE = Automatic;
				CURRENT_PROJECT_VERSION = 1;
				DEVELOPMENT_ASSET_PATHS = "\"Restart app/Preview Content\"";
				DEVELOPMENT_TEAM = RKQR8LZSYX;
				ENABLE_PREVIEWS = YES;
				GENERATE_INFOPLIST_FILE = YES;
				INFOPLIST_FILE = "Restart-app-Info.plist";
				INFOPLIST_KEY_UIApplicationSceneManifest_Generation = YES;
				INFOPLIST_KEY_UIApplicationSupportsIndirectInputEvents = YES;
				INFOPLIST_KEY_UISupportedInterfaceOrientations = UIInterfaceOrientationPortrait;
				IPHONEOS_DEPLOYMENT_TARGET = 16.0;
				LD_RUNPATH_SEARCH_PATHS = (
					"$(inherited)",
					"@executable_path/Frameworks",
				);
				MARKETING_VERSION = 1.0;
				PRODUCT_BUNDLE_IDENTIFIER = "com.beyond-intelligent.Restart-app";
				PRODUCT_NAME = "$(TARGET_NAME)";
				SWIFT_EMIT_LOC_STRINGS = YES;
				SWIFT_VERSION = 5.0;
				TARGETED_DEVICE_FAMILY = "1,2";
			};
			name = Release;
		};
		C7F1F9962A1BC88C008B7E50 /* Debug */ = {
			isa = XCBuildConfiguration;
			buildSettings = {
				ALWAYS_EMBED_SWIFT_STANDARD_LIBRARIES = YES;
				BUNDLE_LOADER = "$(TEST_HOST)";
				CODE_SIGN_STYLE = Automatic;
				CURRENT_PROJECT_VERSION = 1;
				GENERATE_INFOPLIST_FILE = YES;
				IPHONEOS_DEPLOYMENT_TARGET = 16.0;
				MARKETING_VERSION = 1.0;
				PRODUCT_BUNDLE_IDENTIFIER = "com.beyond-intelligent.Restart-appTests";
				PRODUCT_NAME = "$(TARGET_NAME)";
				SWIFT_EMIT_LOC_STRINGS = NO;
				SWIFT_VERSION = 5.0;
				TARGETED_DEVICE_FAMILY = "1,2";
				TEST_HOST = "$(BUILT_PRODUCTS_DIR)/Restart app.app/$(BUNDLE_EXECUTABLE_FOLDER_PATH)/Restart app";
			};
			name = Debug;
		};
		C7F1F9972A1BC88C008B7E50 /* Release */ = {
			isa = XCBuildConfiguration;
			buildSettings = {
				ALWAYS_EMBED_SWIFT_STANDARD_LIBRARIES = YES;
				BUNDLE_LOADER = "$(TEST_HOST)";
				CODE_SIGN_STYLE = Automatic;
				CURRENT_PROJECT_VERSION = 1;
				GENERATE_INFOPLIST_FILE = YES;
				IPHONEOS_DEPLOYMENT_TARGET = 16.0;
				MARKETING_VERSION = 1.0;
				PRODUCT_BUNDLE_IDENTIFIER = "com.beyond-intelligent.Restart-appTests";
				PRODUCT_NAME = "$(TARGET_NAME)";
				SWIFT_EMIT_LOC_STRINGS = NO;
				SWIFT_VERSION = 5.0;
				TARGETED_DEVICE_FAMILY = "1,2";
				TEST_HOST = "$(BUILT_PRODUCTS_DIR)/Restart app.app/$(BUNDLE_EXECUTABLE_FOLDER_PATH)/Restart app";
			};
			name = Release;
		};
		C7F1F9992A1BC88C008B7E50 /* Debug */ = {
			isa = XCBuildConfiguration;
			buildSettings = {
				ALWAYS_EMBED_SWIFT_STANDARD_LIBRARIES = YES;
				CODE_SIGN_STYLE = Automatic;
				CURRENT_PROJECT_VERSION = 1;
				GENERATE_INFOPLIST_FILE = YES;
				IPHONEOS_DEPLOYMENT_TARGET = 16.0;
				MARKETING_VERSION = 1.0;
				PRODUCT_BUNDLE_IDENTIFIER = "com.beyond-intelligent.Restart-appUITests";
				PRODUCT_NAME = "$(TARGET_NAME)";
				SWIFT_EMIT_LOC_STRINGS = NO;
				SWIFT_VERSION = 5.0;
				TARGETED_DEVICE_FAMILY = "1,2";
				TEST_TARGET_NAME = "Restart app";
			};
			name = Debug;
		};
		C7F1F99A2A1BC88C008B7E50 /* Release */ = {
			isa = XCBuildConfiguration;
			buildSettings = {
				ALWAYS_EMBED_SWIFT_STANDARD_LIBRARIES = YES;
				CODE_SIGN_STYLE = Automatic;
				CURRENT_PROJECT_VERSION = 1;
				GENERATE_INFOPLIST_FILE = YES;
				IPHONEOS_DEPLOYMENT_TARGET = 16.0;
				MARKETING_VERSION = 1.0;
				PRODUCT_BUNDLE_IDENTIFIER = "com.beyond-intelligent.Restart-appUITests";
				PRODUCT_NAME = "$(TARGET_NAME)";
				SWIFT_EMIT_LOC_STRINGS = NO;
				SWIFT_VERSION = 5.0;
				TARGETED_DEVICE_FAMILY = "1,2";
				TEST_TARGET_NAME = "Restart app";
			};
			name = Release;
		};
/* End XCBuildConfiguration section */

/* Begin XCConfigurationList section */
		C7F1F9692A1BC88A008B7E50 /* Build configuration list for PBXProject "Restart app" */ = {
			isa = XCConfigurationList;
			buildConfigurations = (
				C7F1F9902A1BC88C008B7E50 /* Debug */,
				C7F1F9912A1BC88C008B7E50 /* Release */,
			);
			defaultConfigurationIsVisible = 0;
			defaultConfigurationName = Debug;
		};
		C7F1F9922A1BC88C008B7E50 /* Build configuration list for PBXNativeTarget "Restart app" */ = {
			isa = XCConfigurationList;
			buildConfigurations = (
				C7F1F9932A1BC88C008B7E50 /* Debug */,
				C7F1F9942A1BC88C008B7E50 /* Release */,
			);
			defaultConfigurationIsVisible = 0;
			defaultConfigurationName = Debug;
		};
		C7F1F9952A1BC88C008B7E50 /* Build configuration list for PBXNativeTarget "Restart appTests" */ = {
			isa = XCConfigurationList;
			buildConfigurations = (
				C7F1F9962A1BC88C008B7E50 /* Debug */,
				C7F1F9972A1BC88C008B7E50 /* Release */,
			);
			defaultConfigurationIsVisible = 0;
			defaultConfigurationName = Debug;
		};
		C7F1F9982A1BC88C008B7E50 /* Build configuration list for PBXNativeTarget "Restart appUITests" */ = {
			isa = XCConfigurationList;
			buildConfigurations = (
				C7F1F9992A1BC88C008B7E50 /* Debug */,
				C7F1F99A2A1BC88C008B7E50 /* Release */,
			);
			defaultConfigurationIsVisible = 0;
			defaultConfigurationName = Debug;
		};
/* End XCConfigurationList section */
	};
	rootObject = C7F1F9662A1BC88A008B7E50 /* Project object */;
}
